// !$*UTF8*$!
{
	archiveVersion = 1;
	classes = {
	};
	objectVersion = 46;
	objects = {

/* Begin PBXBuildFile section */
		6A1A035518FF149000F9C720 /* AJBEntry.m in Sources */ = {isa = PBXBuildFile; fileRef = 6A1A035418FF149000F9C720 /* AJBEntry.m */; };
		6A1A035818FF15AF00F9C720 /* Entry.m in Sources */ = {isa = PBXBuildFile; fileRef = 6A1A035718FF15AF00F9C720 /* Entry.m */; };
		6A9E602218FEFA630080D740 /* AJBStartViewController.m in Sources */ = {isa = PBXBuildFile; fileRef = 6A9E602118FEFA630080D740 /* AJBStartViewController.m */; };
		6AB6A8A218FEEDCF00145111 /* Foundation.framework in Frameworks */ = {isa = PBXBuildFile; fileRef = 6AB6A8A118FEEDCF00145111 /* Foundation.framework */; };
		6AB6A8A418FEEDCF00145111 /* CoreGraphics.framework in Frameworks */ = {isa = PBXBuildFile; fileRef = 6AB6A8A318FEEDCF00145111 /* CoreGraphics.framework */; };
		6AB6A8A618FEEDCF00145111 /* UIKit.framework in Frameworks */ = {isa = PBXBuildFile; fileRef = 6AB6A8A518FEEDCF00145111 /* UIKit.framework */; };
		6AB6A8A818FEEDCF00145111 /* CoreData.framework in Frameworks */ = {isa = PBXBuildFile; fileRef = 6AB6A8A718FEEDCF00145111 /* CoreData.framework */; };
		6AB6A8AE18FEEDCF00145111 /* InfoPlist.strings in Resources */ = {isa = PBXBuildFile; fileRef = 6AB6A8AC18FEEDCF00145111 /* InfoPlist.strings */; };
		6AB6A8B018FEEDCF00145111 /* main.m in Sources */ = {isa = PBXBuildFile; fileRef = 6AB6A8AF18FEEDCF00145111 /* main.m */; };
		6AB6A8B418FEEDCF00145111 /* AJBAppDelegate.m in Sources */ = {isa = PBXBuildFile; fileRef = 6AB6A8B318FEEDCF00145111 /* AJBAppDelegate.m */; };
		6AB6A8B718FEEDCF00145111 /* Journal.xcdatamodeld in Sources */ = {isa = PBXBuildFile; fileRef = 6AB6A8B518FEEDCF00145111 /* Journal.xcdatamodeld */; };
		6AB6A8B918FEEDCF00145111 /* Images.xcassets in Resources */ = {isa = PBXBuildFile; fileRef = 6AB6A8B818FEEDCF00145111 /* Images.xcassets */; };
		6AB6A8C018FEEDCF00145111 /* XCTest.framework in Frameworks */ = {isa = PBXBuildFile; fileRef = 6AB6A8BF18FEEDCF00145111 /* XCTest.framework */; };
		6AB6A8C118FEEDCF00145111 /* Foundation.framework in Frameworks */ = {isa = PBXBuildFile; fileRef = 6AB6A8A118FEEDCF00145111 /* Foundation.framework */; };
		6AB6A8C218FEEDCF00145111 /* UIKit.framework in Frameworks */ = {isa = PBXBuildFile; fileRef = 6AB6A8A518FEEDCF00145111 /* UIKit.framework */; };
		6AB6A8C318FEEDCF00145111 /* CoreData.framework in Frameworks */ = {isa = PBXBuildFile; fileRef = 6AB6A8A718FEEDCF00145111 /* CoreData.framework */; };
		6AB6A8CB18FEEDD000145111 /* InfoPlist.strings in Resources */ = {isa = PBXBuildFile; fileRef = 6AB6A8C918FEEDD000145111 /* InfoPlist.strings */; };
		6AB6A8CD18FEEDD000145111 /* JournalTests.m in Sources */ = {isa = PBXBuildFile; fileRef = 6AB6A8CC18FEEDD000145111 /* JournalTests.m */; };
		6AB6A8D718FEEDE800145111 /* Storyboard.storyboard in Resources */ = {isa = PBXBuildFile; fileRef = 6AB6A8D618FEEDE800145111 /* Storyboard.storyboard */; };
		6AC100A319189D6600E4BCBC /* AJBVideoEntryViewController.m in Sources */ = {isa = PBXBuildFile; fileRef = 6AC100A219189D6600E4BCBC /* AJBVideoEntryViewController.m */; };
		6AD81DE51908A62100F50525 /* AJBPhotoEntryViewController.m in Sources */ = {isa = PBXBuildFile; fileRef = 6AD81DE41908A62100F50525 /* AJBPhotoEntryViewController.m */; };
/* End PBXBuildFile section */

/* Begin PBXContainerItemProxy section */
		6AB6A8C418FEEDCF00145111 /* PBXContainerItemProxy */ = {
			isa = PBXContainerItemProxy;
			containerPortal = 6AB6A89618FEEDCE00145111 /* Project object */;
			proxyType = 1;
			remoteGlobalIDString = 6AB6A89D18FEEDCF00145111;
			remoteInfo = Journal;
		};
/* End PBXContainerItemProxy section */

/* Begin PBXFileReference section */
		6A1A035318FF149000F9C720 /* AJBEntry.h */ = {isa = PBXFileReference; fileEncoding = 4; lastKnownFileType = sourcecode.c.h; path = AJBEntry.h; sourceTree = "<group>"; };
		6A1A035418FF149000F9C720 /* AJBEntry.m */ = {isa = PBXFileReference; fileEncoding = 4; lastKnownFileType = sourcecode.c.objc; path = AJBEntry.m; sourceTree = "<group>"; };
		6A1A035618FF15AF00F9C720 /* Entry.h */ = {isa = PBXFileReference; fileEncoding = 4; lastKnownFileType = sourcecode.c.h; path = Entry.h; sourceTree = "<group>"; };
		6A1A035718FF15AF00F9C720 /* Entry.m */ = {isa = PBXFileReference; fileEncoding = 4; lastKnownFileType = sourcecode.c.objc; path = Entry.m; sourceTree = "<group>"; };
		6A9E602018FEFA630080D740 /* AJBStartViewController.h */ = {isa = PBXFileReference; fileEncoding = 4; lastKnownFileType = sourcecode.c.h; name = AJBStartViewController.h; path = ../AJBStartViewController.h; sourceTree = "<group>"; };
		6A9E602118FEFA630080D740 /* AJBStartViewController.m */ = {isa = PBXFileReference; fileEncoding = 4; lastKnownFileType = sourcecode.c.objc; name = AJBStartViewController.m; path = ../AJBStartViewController.m; sourceTree = "<group>"; };
		6AB6A89E18FEEDCF00145111 /* Journal.app */ = {isa = PBXFileReference; explicitFileType = wrapper.application; includeInIndex = 0; path = Journal.app; sourceTree = BUILT_PRODUCTS_DIR; };
		6AB6A8A118FEEDCF00145111 /* Foundation.framework */ = {isa = PBXFileReference; lastKnownFileType = wrapper.framework; name = Foundation.framework; path = System/Library/Frameworks/Foundation.framework; sourceTree = SDKROOT; };
		6AB6A8A318FEEDCF00145111 /* CoreGraphics.framework */ = {isa = PBXFileReference; lastKnownFileType = wrapper.framework; name = CoreGraphics.framework; path = System/Library/Frameworks/CoreGraphics.framework; sourceTree = SDKROOT; };
		6AB6A8A518FEEDCF00145111 /* UIKit.framework */ = {isa = PBXFileReference; lastKnownFileType = wrapper.framework; name = UIKit.framework; path = System/Library/Frameworks/UIKit.framework; sourceTree = SDKROOT; };
		6AB6A8A718FEEDCF00145111 /* CoreData.framework */ = {isa = PBXFileReference; lastKnownFileType = wrapper.framework; name = CoreData.framework; path = System/Library/Frameworks/CoreData.framework; sourceTree = SDKROOT; };
		6AB6A8AB18FEEDCF00145111 /* Journal-Info.plist */ = {isa = PBXFileReference; lastKnownFileType = text.plist.xml; path = "Journal-Info.plist"; sourceTree = "<group>"; };
		6AB6A8AD18FEEDCF00145111 /* en */ = {isa = PBXFileReference; lastKnownFileType = text.plist.strings; name = en; path = en.lproj/InfoPlist.strings; sourceTree = "<group>"; };
		6AB6A8AF18FEEDCF00145111 /* main.m */ = {isa = PBXFileReference; lastKnownFileType = sourcecode.c.objc; path = main.m; sourceTree = "<group>"; };
		6AB6A8B118FEEDCF00145111 /* Journal-Prefix.pch */ = {isa = PBXFileReference; lastKnownFileType = sourcecode.c.h; path = "Journal-Prefix.pch"; sourceTree = "<group>"; };
		6AB6A8B218FEEDCF00145111 /* AJBAppDelegate.h */ = {isa = PBXFileReference; lastKnownFileType = sourcecode.c.h; path = AJBAppDelegate.h; sourceTree = "<group>"; };
		6AB6A8B318FEEDCF00145111 /* AJBAppDelegate.m */ = {isa = PBXFileReference; lastKnownFileType = sourcecode.c.objc; path = AJBAppDelegate.m; sourceTree = "<group>"; };
		6AB6A8B618FEEDCF00145111 /* Journal.xcdatamodel */ = {isa = PBXFileReference; lastKnownFileType = wrapper.xcdatamodel; path = Journal.xcdatamodel; sourceTree = "<group>"; };
		6AB6A8B818FEEDCF00145111 /* Images.xcassets */ = {isa = PBXFileReference; lastKnownFileType = folder.assetcatalog; path = Images.xcassets; sourceTree = "<group>"; };
		6AB6A8BE18FEEDCF00145111 /* JournalTests.xctest */ = {isa = PBXFileReference; explicitFileType = wrapper.cfbundle; includeInIndex = 0; path = JournalTests.xctest; sourceTree = BUILT_PRODUCTS_DIR; };
		6AB6A8BF18FEEDCF00145111 /* XCTest.framework */ = {isa = PBXFileReference; lastKnownFileType = wrapper.framework; name = XCTest.framework; path = Library/Frameworks/XCTest.framework; sourceTree = DEVELOPER_DIR; };
		6AB6A8C818FEEDD000145111 /* JournalTests-Info.plist */ = {isa = PBXFileReference; lastKnownFileType = text.plist.xml; path = "JournalTests-Info.plist"; sourceTree = "<group>"; };
		6AB6A8CA18FEEDD000145111 /* en */ = {isa = PBXFileReference; lastKnownFileType = text.plist.strings; name = en; path = en.lproj/InfoPlist.strings; sourceTree = "<group>"; };
		6AB6A8CC18FEEDD000145111 /* JournalTests.m */ = {isa = PBXFileReference; lastKnownFileType = sourcecode.c.objc; path = JournalTests.m; sourceTree = "<group>"; };
		6AB6A8D618FEEDE800145111 /* Storyboard.storyboard */ = {isa = PBXFileReference; fileEncoding = 4; lastKnownFileType = file.storyboard; name = Storyboard.storyboard; path = ../Storyboard.storyboard; sourceTree = "<group>"; };
		6AC100A119189D6600E4BCBC /* AJBVideoEntryViewController.h */ = {isa = PBXFileReference; fileEncoding = 4; lastKnownFileType = sourcecode.c.h; path = AJBVideoEntryViewController.h; sourceTree = "<group>"; };
		6AC100A219189D6600E4BCBC /* AJBVideoEntryViewController.m */ = {isa = PBXFileReference; fileEncoding = 4; lastKnownFileType = sourcecode.c.objc; path = AJBVideoEntryViewController.m; sourceTree = "<group>"; };
		6AD81DE31908A62100F50525 /* AJBPhotoEntryViewController.h */ = {isa = PBXFileReference; fileEncoding = 4; lastKnownFileType = sourcecode.c.h; path = AJBPhotoEntryViewController.h; sourceTree = "<group>"; };
		6AD81DE41908A62100F50525 /* AJBPhotoEntryViewController.m */ = {isa = PBXFileReference; fileEncoding = 4; lastKnownFileType = sourcecode.c.objc; path = AJBPhotoEntryViewController.m; sourceTree = "<group>"; };
/* End PBXFileReference section */

/* Begin PBXFrameworksBuildPhase section */
		6AB6A89B18FEEDCF00145111 /* Frameworks */ = {
			isa = PBXFrameworksBuildPhase;
			buildActionMask = 2147483647;
			files = (
				6AB6A8A418FEEDCF00145111 /* CoreGraphics.framework in Frameworks */,
				6AB6A8A818FEEDCF00145111 /* CoreData.framework in Frameworks */,
				6AB6A8A618FEEDCF00145111 /* UIKit.framework in Frameworks */,
				6AB6A8A218FEEDCF00145111 /* Foundation.framework in Frameworks */,
			);
			runOnlyForDeploymentPostprocessing = 0;
		};
		6AB6A8BB18FEEDCF00145111 /* Frameworks */ = {
			isa = PBXFrameworksBuildPhase;
			buildActionMask = 2147483647;
			files = (
				6AB6A8C018FEEDCF00145111 /* XCTest.framework in Frameworks */,
				6AB6A8C318FEEDCF00145111 /* CoreData.framework in Frameworks */,
				6AB6A8C218FEEDCF00145111 /* UIKit.framework in Frameworks */,
				6AB6A8C118FEEDCF00145111 /* Foundation.framework in Frameworks */,
			);
			runOnlyForDeploymentPostprocessing = 0;
		};
/* End PBXFrameworksBuildPhase section */

/* Begin PBXGroup section */
		6AB6A89518FEEDCE00145111 = {
			isa = PBXGroup;
			children = (
				6AB6A8A918FEEDCF00145111 /* Journal */,
				6AB6A8C618FEEDCF00145111 /* JournalTests */,
				6AB6A8A018FEEDCF00145111 /* Frameworks */,
				6AB6A89F18FEEDCF00145111 /* Products */,
			);
			sourceTree = "<group>";
		};
		6AB6A89F18FEEDCF00145111 /* Products */ = {
			isa = PBXGroup;
			children = (
				6AB6A89E18FEEDCF00145111 /* Journal.app */,
				6AB6A8BE18FEEDCF00145111 /* JournalTests.xctest */,
			);
			name = Products;
			sourceTree = "<group>";
		};
		6AB6A8A018FEEDCF00145111 /* Frameworks */ = {
			isa = PBXGroup;
			children = (
				6AB6A8A118FEEDCF00145111 /* Foundation.framework */,
				6AB6A8A318FEEDCF00145111 /* CoreGraphics.framework */,
				6AB6A8A518FEEDCF00145111 /* UIKit.framework */,
				6AB6A8A718FEEDCF00145111 /* CoreData.framework */,
				6AB6A8BF18FEEDCF00145111 /* XCTest.framework */,
			);
			name = Frameworks;
			sourceTree = "<group>";
		};
		6AB6A8A918FEEDCF00145111 /* Journal */ = {
			isa = PBXGroup;
			children = (
				6A9E602018FEFA630080D740 /* AJBStartViewController.h */,
				6A9E602118FEFA630080D740 /* AJBStartViewController.m */,
				6AB6A8D618FEEDE800145111 /* Storyboard.storyboard */,
				6AD81DE31908A62100F50525 /* AJBPhotoEntryViewController.h */,
				6AD81DE41908A62100F50525 /* AJBPhotoEntryViewController.m */,
				6AC100A119189D6600E4BCBC /* AJBVideoEntryViewController.h */,
				6AC100A219189D6600E4BCBC /* AJBVideoEntryViewController.m */,
				6A1A035318FF149000F9C720 /* AJBEntry.h */,
				6A1A035418FF149000F9C720 /* AJBEntry.m */,
				6A1A035618FF15AF00F9C720 /* Entry.h */,
				6A1A035718FF15AF00F9C720 /* Entry.m */,
				6AB6A8B218FEEDCF00145111 /* AJBAppDelegate.h */,
				6AB6A8B318FEEDCF00145111 /* AJBAppDelegate.m */,
				6AB6A8B818FEEDCF00145111 /* Images.xcassets */,
				6AB6A8B518FEEDCF00145111 /* Journal.xcdatamodeld */,
				6AB6A8AA18FEEDCF00145111 /* Supporting Files */,
			);
			path = Journal;
			sourceTree = "<group>";
		};
		6AB6A8AA18FEEDCF00145111 /* Supporting Files */ = {
			isa = PBXGroup;
			children = (
				6AB6A8AB18FEEDCF00145111 /* Journal-Info.plist */,
				6AB6A8AC18FEEDCF00145111 /* InfoPlist.strings */,
				6AB6A8AF18FEEDCF00145111 /* main.m */,
				6AB6A8B118FEEDCF00145111 /* Journal-Prefix.pch */,
			);
			name = "Supporting Files";
			sourceTree = "<group>";
		};
		6AB6A8C618FEEDCF00145111 /* JournalTests */ = {
			isa = PBXGroup;
			children = (
				6AB6A8CC18FEEDD000145111 /* JournalTests.m */,
				6AB6A8C718FEEDD000145111 /* Supporting Files */,
			);
			path = JournalTests;
			sourceTree = "<group>";
		};
		6AB6A8C718FEEDD000145111 /* Supporting Files */ = {
			isa = PBXGroup;
			children = (
				6AB6A8C818FEEDD000145111 /* JournalTests-Info.plist */,
				6AB6A8C918FEEDD000145111 /* InfoPlist.strings */,
			);
			name = "Supporting Files";
			sourceTree = "<group>";
		};
/* End PBXGroup section */

/* Begin PBXNativeTarget section */
		6AB6A89D18FEEDCF00145111 /* Journal */ = {
			isa = PBXNativeTarget;
			buildConfigurationList = 6AB6A8D018FEEDD000145111 /* Build configuration list for PBXNativeTarget "Journal" */;
			buildPhases = (
				6AB6A89A18FEEDCF00145111 /* Sources */,
				6AB6A89B18FEEDCF00145111 /* Frameworks */,
				6AB6A89C18FEEDCF00145111 /* Resources */,
			);
			buildRules = (
			);
			dependencies = (
			);
			name = Journal;
			productName = Journal;
			productReference = 6AB6A89E18FEEDCF00145111 /* Journal.app */;
			productType = "com.apple.product-type.application";
		};
		6AB6A8BD18FEEDCF00145111 /* JournalTests */ = {
			isa = PBXNativeTarget;
			buildConfigurationList = 6AB6A8D318FEEDD000145111 /* Build configuration list for PBXNativeTarget "JournalTests" */;
			buildPhases = (
				6AB6A8BA18FEEDCF00145111 /* Sources */,
				6AB6A8BB18FEEDCF00145111 /* Frameworks */,
				6AB6A8BC18FEEDCF00145111 /* Resources */,
			);
			buildRules = (
			);
			dependencies = (
				6AB6A8C518FEEDCF00145111 /* PBXTargetDependency */,
			);
			name = JournalTests;
			productName = JournalTests;
			productReference = 6AB6A8BE18FEEDCF00145111 /* JournalTests.xctest */;
			productType = "com.apple.product-type.bundle.unit-test";
		};
/* End PBXNativeTarget section */

/* Begin PBXProject section */
		6AB6A89618FEEDCE00145111 /* Project object */ = {
			isa = PBXProject;
			attributes = {
				CLASSPREFIX = AJB;
				LastUpgradeCheck = 0510;
				ORGANIZATIONNAME = "Adam Baitch";
				TargetAttributes = {
					6AB6A8BD18FEEDCF00145111 = {
						TestTargetID = 6AB6A89D18FEEDCF00145111;
					};
				};
			};
			buildConfigurationList = 6AB6A89918FEEDCE00145111 /* Build configuration list for PBXProject "Journal" */;
			compatibilityVersion = "Xcode 3.2";
			developmentRegion = English;
			hasScannedForEncodings = 0;
			knownRegions = (
				en,
			);
			mainGroup = 6AB6A89518FEEDCE00145111;
			productRefGroup = 6AB6A89F18FEEDCF00145111 /* Products */;
			projectDirPath = "";
			projectRoot = "";
			targets = (
				6AB6A89D18FEEDCF00145111 /* Journal */,
				6AB6A8BD18FEEDCF00145111 /* JournalTests */,
			);
		};
/* End PBXProject section */

/* Begin PBXResourcesBuildPhase section */
		6AB6A89C18FEEDCF00145111 /* Resources */ = {
			isa = PBXResourcesBuildPhase;
			buildActionMask = 2147483647;
			files = (
				6AB6A8AE18FEEDCF00145111 /* InfoPlist.strings in Resources */,
				6AB6A8B918FEEDCF00145111 /* Images.xcassets in Resources */,
				6AB6A8D718FEEDE800145111 /* Storyboard.storyboard in Resources */,
			);
			runOnlyForDeploymentPostprocessing = 0;
		};
		6AB6A8BC18FEEDCF00145111 /* Resources */ = {
			isa = PBXResourcesBuildPhase;
			buildActionMask = 2147483647;
			files = (
				6AB6A8CB18FEEDD000145111 /* InfoPlist.strings in Resources */,
			);
			runOnlyForDeploymentPostprocessing = 0;
		};
/* End PBXResourcesBuildPhase section */

/* Begin PBXSourcesBuildPhase section */
		6AB6A89A18FEEDCF00145111 /* Sources */ = {
			isa = PBXSourcesBuildPhase;
			buildActionMask = 2147483647;
			files = (
				6AD81DE51908A62100F50525 /* AJBPhotoEntryViewController.m in Sources */,
				6A1A035818FF15AF00F9C720 /* Entry.m in Sources */,
				6AB6A8B718FEEDCF00145111 /* Journal.xcdatamodeld in Sources */,
				6A9E602218FEFA630080D740 /* AJBStartViewController.m in Sources */,
				6A1A035518FF149000F9C720 /* AJBEntry.m in Sources */,
				6AC100A319189D6600E4BCBC /* AJBVideoEntryViewController.m in Sources */,
				6AB6A8B418FEEDCF00145111 /* AJBAppDelegate.m in Sources */,
				6AB6A8B018FEEDCF00145111 /* main.m in Sources */,
			);
			runOnlyForDeploymentPostprocessing = 0;
		};
		6AB6A8BA18FEEDCF00145111 /* Sources */ = {
			isa = PBXSourcesBuildPhase;
			buildActionMask = 2147483647;
			files = (
				6AB6A8CD18FEEDD000145111 /* JournalTests.m in Sources */,
			);
			runOnlyForDeploymentPostprocessing = 0;
		};
/* End PBXSourcesBuildPhase section */

/* Begin PBXTargetDependency section */
		6AB6A8C518FEEDCF00145111 /* PBXTargetDependency */ = {
			isa = PBXTargetDependency;
			target = 6AB6A89D18FEEDCF00145111 /* Journal */;
			targetProxy = 6AB6A8C418FEEDCF00145111 /* PBXContainerItemProxy */;
		};
/* End PBXTargetDependency section */

/* Begin PBXVariantGroup section */
		6AB6A8AC18FEEDCF00145111 /* InfoPlist.strings */ = {
			isa = PBXVariantGroup;
			children = (
				6AB6A8AD18FEEDCF00145111 /* en */,
			);
			name = InfoPlist.strings;
			sourceTree = "<group>";
		};
		6AB6A8C918FEEDD000145111 /* InfoPlist.strings */ = {
			isa = PBXVariantGroup;
			children = (
				6AB6A8CA18FEEDD000145111 /* en */,
			);
			name = InfoPlist.strings;
			sourceTree = "<group>";
		};
/* End PBXVariantGroup section */

/* Begin XCBuildConfiguration section */
		6AB6A8CE18FEEDD000145111 /* Debug */ = {
			isa = XCBuildConfiguration;
			buildSettings = {
				ALWAYS_SEARCH_USER_PATHS = NO;
				CLANG_CXX_LANGUAGE_STANDARD = "gnu++0x";
				CLANG_CXX_LIBRARY = "libc++";
				CLANG_ENABLE_MODULES = YES;
				CLANG_ENABLE_OBJC_ARC = YES;
				CLANG_WARN_BOOL_CONVERSION = YES;
				CLANG_WARN_CONSTANT_CONVERSION = YES;
				CLANG_WARN_DIRECT_OBJC_ISA_USAGE = YES_ERROR;
				CLANG_WARN_EMPTY_BODY = YES;
				CLANG_WARN_ENUM_CONVERSION = YES;
				CLANG_WARN_INT_CONVERSION = YES;
				CLANG_WARN_OBJC_ROOT_CLASS = YES_ERROR;
				CLANG_WARN__DUPLICATE_METHOD_MATCH = YES;
				"CODE_SIGN_IDENTITY[sdk=iphoneos*]" = "iPhone Developer";
				COPY_PHASE_STRIP = NO;
				GCC_C_LANGUAGE_STANDARD = gnu99;
				GCC_DYNAMIC_NO_PIC = NO;
				GCC_OPTIMIZATION_LEVEL = 0;
				GCC_PREPROCESSOR_DEFINITIONS = (
					"DEBUG=1",
					"$(inherited)",
				);
				GCC_SYMBOLS_PRIVATE_EXTERN = NO;
				GCC_WARN_64_TO_32_BIT_CONVERSION = YES;
				GCC_WARN_ABOUT_RETURN_TYPE = YES_ERROR;
				GCC_WARN_UNDECLARED_SELECTOR = YES;
				GCC_WARN_UNINITIALIZED_AUTOS = YES_AGGRESSIVE;
				GCC_WARN_UNUSED_FUNCTION = YES;
				GCC_WARN_UNUSED_VARIABLE = YES;
				IPHONEOS_DEPLOYMENT_TARGET = 7.1;
				ONLY_ACTIVE_ARCH = YES;
				SDKROOT = iphoneos;
			};
			name = Debug;
		};
		6AB6A8CF18FEEDD000145111 /* Release */ = {
			isa = XCBuildConfiguration;
			buildSettings = {
				ALWAYS_SEARCH_USER_PATHS = NO;
				CLANG_CXX_LANGUAGE_STANDARD = "gnu++0x";
				CLANG_CXX_LIBRARY = "libc++";
				CLANG_ENABLE_MODULES = YES;
				CLANG_ENABLE_OBJC_ARC = YES;
				CLANG_WARN_BOOL_CONVERSION = YES;
				CLANG_WARN_CONSTANT_CONVERSION = YES;
				CLANG_WARN_DIRECT_OBJC_ISA_USAGE = YES_ERROR;
				CLANG_WARN_EMPTY_BODY = YES;
				CLANG_WARN_ENUM_CONVERSION = YES;
				CLANG_WARN_INT_CONVERSION = YES;
				CLANG_WARN_OBJC_ROOT_CLASS = YES_ERROR;
				CLANG_WARN__DUPLICATE_METHOD_MATCH = YES;
				"CODE_SIGN_IDENTITY[sdk=iphoneos*]" = "iPhone Developer";
				COPY_PHASE_STRIP = YES;
				ENABLE_NS_ASSERTIONS = NO;
				GCC_C_LANGUAGE_STANDARD = gnu99;
				GCC_WARN_64_TO_32_BIT_CONVERSION = YES;
				GCC_WARN_ABOUT_RETURN_TYPE = YES_ERROR;
				GCC_WARN_UNDECLARED_SELECTOR = YES;
				GCC_WARN_UNINITIALIZED_AUTOS = YES_AGGRESSIVE;
				GCC_WARN_UNUSED_FUNCTION = YES;
				GCC_WARN_UNUSED_VARIABLE = YES;
				IPHONEOS_DEPLOYMENT_TARGET = 7.1;
				SDKROOT = iphoneos;
				VALIDATE_PRODUCT = YES;
			};
			name = Release;
		};
		6AB6A8D118FEEDD000145111 /* Debug */ = {
			isa = XCBuildConfiguration;
			buildSettings = {
				ASSETCATALOG_COMPILER_APPICON_NAME = AppIcon;
				ASSETCATALOG_COMPILER_LAUNCHIMAGE_NAME = LaunchImage;
				GCC_PRECOMPILE_PREFIX_HEADER = YES;
				GCC_PREFIX_HEADER = "Journal/Journal-Prefix.pch";
				INFOPLIST_FILE = "Journal/Journal-Info.plist";
				PRODUCT_NAME = "$(TARGET_NAME)";
				WRAPPER_EXTENSION = app;
			};
			name = Debug;
		};
		6AB6A8D218FEEDD000145111 /* Release */ = {
			isa = XCBuildConfiguration;
			buildSettings = {
				ASSETCATALOG_COMPILER_APPICON_NAME = AppIcon;
				ASSETCATALOG_COMPILER_LAUNCHIMAGE_NAME = LaunchImage;
				GCC_PRECOMPILE_PREFIX_HEADER = YES;
				GCC_PREFIX_HEADER = "Journal/Journal-Prefix.pch";
				INFOPLIST_FILE = "Journal/Journal-Info.plist";
				PRODUCT_NAME = "$(TARGET_NAME)";
				WRAPPER_EXTENSION = app;
			};
			name = Release;
		};
		6AB6A8D418FEEDD000145111 /* Debug */ = {
			isa = XCBuildConfiguration;
			buildSettings = {
				BUNDLE_LOADER = "$(BUILT_PRODUCTS_DIR)/Journal.app/Journal";
				FRAMEWORK_SEARCH_PATHS = (
					"$(SDKROOT)/Developer/Library/Frameworks",
					"$(inherited)",
					"$(DEVELOPER_FRAMEWORKS_DIR)",
				);
				GCC_PRECOMPILE_PREFIX_HEADER = YES;
				GCC_PREFIX_HEADER = "Journal/Journal-Prefix.pch";
				GCC_PREPROCESSOR_DEFINITIONS = (
					"DEBUG=1",
					"$(inherited)",
				);
				INFOPLIST_FILE = "JournalTests/JournalTests-Info.plist";
				PRODUCT_NAME = "$(TARGET_NAME)";
				TEST_HOST = "$(BUNDLE_LOADER)";
				WRAPPER_EXTENSION = xctest;
			};
			name = Debug;
		};
		6AB6A8D518FEEDD000145111 /* Release */ = {
			isa = XCBuildConfiguration;
			buildSettings = {
				BUNDLE_LOADER = "$(BUILT_PRODUCTS_DIR)/Journal.app/Journal";
				FRAMEWORK_SEARCH_PATHS = (
					"$(SDKROOT)/Developer/Library/Frameworks",
					"$(inherited)",
					"$(DEVELOPER_FRAMEWORKS_DIR)",
				);
				GCC_PRECOMPILE_PREFIX_HEADER = YES;
				GCC_PREFIX_HEADER = "Journal/Journal-Prefix.pch";
				INFOPLIST_FILE = "JournalTests/JournalTests-Info.plist";
				PRODUCT_NAME = "$(TARGET_NAME)";
				TEST_HOST = "$(BUNDLE_LOADER)";
				WRAPPER_EXTENSION = xctest;
			};
			name = Release;
		};
/* End XCBuildConfiguration section */

/* Begin XCConfigurationList section */
		6AB6A89918FEEDCE00145111 /* Build configuration list for PBXProject "Journal" */ = {
			isa = XCConfigurationList;
			buildConfigurations = (
				6AB6A8CE18FEEDD000145111 /* Debug */,
				6AB6A8CF18FEEDD000145111 /* Release */,
			);
			defaultConfigurationIsVisible = 0;
			defaultConfigurationName = Release;
		};
		6AB6A8D018FEEDD000145111 /* Build configuration list for PBXNativeTarget "Journal" */ = {
			isa = XCConfigurationList;
			buildConfigurations = (
				6AB6A8D118FEEDD000145111 /* Debug */,
				6AB6A8D218FEEDD000145111 /* Release */,
			);
			defaultConfigurationIsVisible = 0;
			defaultConfigurationName = Release;
		};
		6AB6A8D318FEEDD000145111 /* Build configuration list for PBXNativeTarget "JournalTests" */ = {
			isa = XCConfigurationList;
			buildConfigurations = (
				6AB6A8D418FEEDD000145111 /* Debug */,
				6AB6A8D518FEEDD000145111 /* Release */,
			);
			defaultConfigurationIsVisible = 0;
			defaultConfigurationName = Release;
		};
/* End XCConfigurationList section */

/* Begin XCVersionGroup section */
		6AB6A8B518FEEDCF00145111 /* Journal.xcdatamodeld */ = {
			isa = XCVersionGroup;
			children = (
				6AB6A8B618FEEDCF00145111 /* Journal.xcdatamodel */,
			);
			currentVersion = 6AB6A8B618FEEDCF00145111 /* Journal.xcdatamodel */;
			path = Journal.xcdatamodeld;
			sourceTree = "<group>";
			versionGroupType = wrapper.xcdatamodel;
		};
/* End XCVersionGroup section */
	};
	rootObject = 6AB6A89618FEEDCE00145111 /* Project object */;
}
